
Microsoft Visual Studio Solution File, Format Version 12.00
# Visual Studio Version 16
VisualStudioVersion = 16.0.29926.136
MinimumVisualStudioVersion = 10.0.40219.1
Project("{888888A0-9F3D-457C-B088-3A5042F75D52}") = "Hexadecimal output", "Hexadecimal output.pyproj", "{C0A7DB94-0644-447F-9DC2-EBAD60883CBD}"
EndProject
Global
	GlobalSection(SolutionConfigurationPlatforms) = preSolution
		Debug|Any CPU = Debug|Any CPU
		Release|Any CPU = Release|Any CPU
	EndGlobalSection
	GlobalSection(ProjectConfigurationPlatforms) = postSolution
		{C0A7DB94-0644-447F-9DC2-EBAD60883CBD}.Debug|Any CPU.ActiveCfg = Debug|Any CPU
		{C0A7DB94-0644-447F-9DC2-EBAD60883CBD}.Release|Any CPU.ActiveCfg = Release|Any CPU
	EndGlobalSection
	GlobalSection(SolutionProperties) = preSolution
		HideSolutionNode = FALSE
	EndGlobalSection
	GlobalSection(ExtensibilityGlobals) = postSolution
		SolutionGuid = {1EFDFCD3-CDA5-4F01-9E71-B0B6B984C9AF}
	EndGlobalSection
EndGlobal
