
Microsoft Visual Studio Solution File, Format Version 12.00
# Visual Studio Version 16
VisualStudioVersion = 16.0.29926.136
MinimumVisualStudioVersion = 10.0.40219.1
Project("{888888A0-9F3D-457C-B088-3A5042F75D52}") = "Summing Numbers", "Summing Numbers.pyproj", "{737FF7ED-B455-4DBE-A7B8-9A485A893A92}"
EndProject
Global
	GlobalSection(SolutionConfigurationPlatforms) = preSolution
		Debug|Any CPU = Debug|Any CPU
		Release|Any CPU = Release|Any CPU
	EndGlobalSection
	GlobalSection(ProjectConfigurationPlatforms) = postSolution
		{737FF7ED-B455-4DBE-A7B8-9A485A893A92}.Debug|Any CPU.ActiveCfg = Debug|Any CPU
		{737FF7ED-B455-4DBE-A7B8-9A485A893A92}.Release|Any CPU.ActiveCfg = Release|Any CPU
	EndGlobalSection
	GlobalSection(SolutionProperties) = preSolution
		HideSolutionNode = FALSE
	EndGlobalSection
	GlobalSection(ExtensibilityGlobals) = postSolution
		SolutionGuid = {1C0F23D3-67FD-44BB-85BD-10BBEDFED3F0}
	EndGlobalSection
EndGlobal
